
Microsoft Visual Studio Solution File, Format Version 12.00
# Visual Studio 15
VisualStudioVersion = 15.0.28307.168
MinimumVisualStudioVersion = 10.0.40219.1
Project("{888888A0-9F3D-457C-B088-3A5042F75D52}") = "Segmantation_Tool", "Segmantation_Tool\Segmantation_Tool.pyproj", "{71CCB0A1-054F-4E48-989A-58AEEA30D232}"
EndProject
Global
	GlobalSection(SolutionConfigurationPlatforms) = preSolution
		Debug|Any CPU = Debug|Any CPU
		Release|Any CPU = Release|Any CPU
	EndGlobalSection
	GlobalSection(ProjectConfigurationPlatforms) = postSolution
		{71CCB0A1-054F-4E48-989A-58AEEA30D232}.Debug|Any CPU.ActiveCfg = Debug|Any CPU
		{71CCB0A1-054F-4E48-989A-58AEEA30D232}.Release|Any CPU.ActiveCfg = Release|Any CPU
	EndGlobalSection
	GlobalSection(SolutionProperties) = preSolution
		HideSolutionNode = FALSE
	EndGlobalSection
	GlobalSection(ExtensibilityGlobals) = postSolution
		SolutionGuid = {FBCC3893-78AF-4F81-A8A7-C8D02E1887DB}
	EndGlobalSection
EndGlobal
